
Microsoft Visual Studio Solution File, Format Version 12.00
# Visual Studio Version 17
VisualStudioVersion = 17.0.32014.148
MinimumVisualStudioVersion = 10.0.40219.1
Project("{8BC9CEB8-8B4A-11D0-8D11-00A0C91BC942}") = "Matinyan", "Matinyan.vcxproj", "{26F412AD-4E63-482B-B6DD-F3D4A0262011}"
EndProject
Global
	GlobalSection(SolutionConfigurationPlatforms) = preSolution
		Debug|x64 = Debug|x64
		Debug|x86 = Debug|x86
		Release|x64 = Release|x64
		Release|x86 = Release|x86
	EndGlobalSection
	GlobalSection(ProjectConfigurationPlatforms) = postSolution
		{26F412AD-4E63-482B-B6DD-F3D4A0262011}.Debug|x64.ActiveCfg = Debug|x64
		{26F412AD-4E63-482B-B6DD-F3D4A0262011}.Debug|x64.Build.0 = Debug|x64
		{26F412AD-4E63-482B-B6DD-F3D4A0262011}.Debug|x86.ActiveCfg = Debug|Win32
		{26F412AD-4E63-482B-B6DD-F3D4A0262011}.Debug|x86.Build.0 = Debug|Win32
		{26F412AD-4E63-482B-B6DD-F3D4A0262011}.Release|x64.ActiveCfg = Release|x64
		{26F412AD-4E63-482B-B6DD-F3D4A0262011}.Release|x64.Build.0 = Release|x64
		{26F412AD-4E63-482B-B6DD-F3D4A0262011}.Release|x86.ActiveCfg = Release|Win32
		{26F412AD-4E63-482B-B6DD-F3D4A0262011}.Release|x86.Build.0 = Release|Win32
	EndGlobalSection
	GlobalSection(SolutionProperties) = preSolution
		HideSolutionNode = FALSE
	EndGlobalSection
	GlobalSection(ExtensibilityGlobals) = postSolution
		SolutionGuid = {DEB295B7-E567-4BB5-B593-6E281C5D8CF5}
	EndGlobalSection
EndGlobal
